<?xml version="1.0" encoding="utf-8"?>
<Project ToolsVersion="4.0" xmlns="http://schemas.microsoft.com/developer/msbuild/2003">
  <ItemGroup>
    <Filter Include="Source Files">
      <UniqueIdentifier>{4FC737F1-C7A5-4376-A066-2A32D752A2FF}</UniqueIdentifier>
      <Extensions>cpp;c;cc;cxx;def;odl;idl;hpj;bat;asm;asmx</Extensions>
    </Filter>
    <Filter Include="Header Files">
      <UniqueIdentifier>{93995380-89BD-4b04-88EB-625FBE52EBFB}</UniqueIdentifier>
      <Extensions>h;hh;hpp;hxx;hm;inl;inc;xsd</Extensions>
    </Filter>
    <Filter Include="Resource Files">
      <UniqueIdentifier>{67DA6AB6-F800-4c08-8B7A-83BB121AAD01}</UniqueIdentifier>
      <Extensions>rc;ico;cur;bmp;dlg;rc2;rct;bin;rgs;gif;jpg;jpeg;jpe;resx;tiff;tif;png;wav;mfcribbon-ms</Extensions>
    </Filter>
    <Filter Include="Header Files\gc">
      <UniqueIdentifier>{6a918e53-4880-4831-b6bf-d2768e940bba}</UniqueIdentifier>
    </Filter>
    <Filter Include="Source Files\gc">
      <UniqueIdentifier>{a994bac6-17a0-4807-bc09-95587305eca1}</UniqueIdentifier>
    </Filter>
  </ItemGroup>
  <ItemGroup>
    <ClInclude Include="aquario.h">
      <Filter>Header Files</Filter>
    </ClInclude>
    <ClInclude Include="gc\base.h">
      <Filter>Header Files\gc</Filter>
    </ClInclude>
    <ClInclude Include="gc\copy.h">
      <Filter>Header Files\gc</Filter>
    </ClInclude>
    <ClInclude Include="gc\generational.h">
      <Filter>Header Files\gc</Filter>
    </ClInclude>
    <ClInclude Include="gc\markcompact.h">
      <Filter>Header Files\gc</Filter>
    </ClInclude>
    <ClInclude Include="gc\reference_count.h">
      <Filter>Header Files\gc</Filter>
    </ClInclude>
    <ClInclude Include="types.h">
      <Filter>Header Files</Filter>
    </ClInclude>
  </ItemGroup>
  <ItemGroup>
    <ClCompile Include="gc\base.c">
      <Filter>Source Files\gc</Filter>
    </ClCompile>
    <ClCompile Include="gc\copy.c">
      <Filter>Source Files\gc</Filter>
    </ClCompile>
    <ClCompile Include="gc\generational.c">
      <Filter>Source Files\gc</Filter>
    </ClCompile>
    <ClCompile Include="gc\markcompact.c">
      <Filter>Source Files\gc</Filter>
    </ClCompile>
    <ClCompile Include="gc\reference_count.c">
      <Filter>Source Files\gc</Filter>
    </ClCompile>
    <ClCompile Include="aquario.c">
      <Filter>Source Files</Filter>
    </ClCompile>
  </ItemGroup>
</Project>